// !$*UTF8*$!
{
	archiveVersion = 1;
	classes = {
	};
	objectVersion = 51;
	objects = {

/* Begin PBXBuildFile section */
		D072697A23F0C85F002760ED /* AppDelegate.swift in Sources */ = {isa = PBXBuildFile; fileRef = D072697923F0C85F002760ED /* AppDelegate.swift */; };
		D072697C23F0C85F002760ED /* SceneDelegate.swift in Sources */ = {isa = PBXBuildFile; fileRef = D072697B23F0C85F002760ED /* SceneDelegate.swift */; };
		D072698123F0C85F002760ED /* Main.storyboard in Resources */ = {isa = PBXBuildFile; fileRef = D072697F23F0C85F002760ED /* Main.storyboard */; };
		D072698323F0C860002760ED /* Assets.xcassets in Resources */ = {isa = PBXBuildFile; fileRef = D072698223F0C860002760ED /* Assets.xcassets */; };
		D072698623F0C860002760ED /* LaunchScreen.storyboard in Resources */ = {isa = PBXBuildFile; fileRef = D072698423F0C860002760ED /* LaunchScreen.storyboard */; };
		D072699223F0CA3D002760ED /* UserService.swift in Sources */ = {isa = PBXBuildFile; fileRef = D072699123F0CA3D002760ED /* UserService.swift */; };
		D072699823F1FB10002760ED /* ActiveGroupsVC.swift in Sources */ = {isa = PBXBuildFile; fileRef = D072699723F1FB10002760ED /* ActiveGroupsVC.swift */; };
		D072699A23F1FB6D002760ED /* SelectedGroupViewController.swift in Sources */ = {isa = PBXBuildFile; fileRef = D072699923F1FB6D002760ED /* SelectedGroupViewController.swift */; };
		D072699D23F1FC3D002760ED /* ActiveGroupTableViewCell.swift in Sources */ = {isa = PBXBuildFile; fileRef = D072699C23F1FC3D002760ED /* ActiveGroupTableViewCell.swift */; };
		D072699F23F1FC79002760ED /* LiveLineTableViewCell.swift in Sources */ = {isa = PBXBuildFile; fileRef = D072699E23F1FC79002760ED /* LiveLineTableViewCell.swift */; };
		D07269A323F1FED0002760ED /* ActiveTableView-Ext.swift in Sources */ = {isa = PBXBuildFile; fileRef = D07269A223F1FED0002760ED /* ActiveTableView-Ext.swift */; };
		D07269AB23F20253002760ED /* GroupService.swift in Sources */ = {isa = PBXBuildFile; fileRef = D07269AA23F20253002760ED /* GroupService.swift */; };
		D07269AD23F202D7002760ED /* Helper.swift in Sources */ = {isa = PBXBuildFile; fileRef = D07269AC23F202D7002760ED /* Helper.swift */; };
		D07269B023F20ACA002760ED /* GoogleService-Info.plist in Resources */ = {isa = PBXBuildFile; fileRef = D07269AF23F20ACA002760ED /* GoogleService-Info.plist */; };
		D07269B223F20E56002760ED /* User.swift in Sources */ = {isa = PBXBuildFile; fileRef = D07269B123F20E56002760ED /* User.swift */; };
		D07269B423F21082002760ED /* Extensions.swift in Sources */ = {isa = PBXBuildFile; fileRef = D07269B323F21082002760ED /* Extensions.swift */; };
		D07269B623F214F1002760ED /* Group.swift in Sources */ = {isa = PBXBuildFile; fileRef = D07269B523F214F1002760ED /* Group.swift */; };
		D07269B923F2156F002760ED /* User+Groups_Service.swift in Sources */ = {isa = PBXBuildFile; fileRef = D07269B823F2156F002760ED /* User+Groups_Service.swift */; };
		D07269BC23F225CE002760ED /* SelectedTblView-Ext.swift in Sources */ = {isa = PBXBuildFile; fileRef = D07269BB23F225CE002760ED /* SelectedTblView-Ext.swift */; };
		D07269BF23F239C7002760ED /* CreateLineViewController.swift in Sources */ = {isa = PBXBuildFile; fileRef = D07269BE23F239C7002760ED /* CreateLineViewController.swift */; };
		D07269C123F2426B002760ED /* CrteLineTxtFld-Ext.swift in Sources */ = {isa = PBXBuildFile; fileRef = D07269C023F2426B002760ED /* CrteLineTxtFld-Ext.swift */; };
		D07269C323F246BD002760ED /* Line.swift in Sources */ = {isa = PBXBuildFile; fileRef = D07269C223F246BC002760ED /* Line.swift */; };
		D07269C623F257FB002760ED /* LineService.swift in Sources */ = {isa = PBXBuildFile; fileRef = D07269C523F257FB002760ED /* LineService.swift */; };
		D0DF8D1623F5D47100590C60 /* LoginViewController.swift in Sources */ = {isa = PBXBuildFile; fileRef = D0DF8D1523F5D47100590C60 /* LoginViewController.swift */; };
		D0DF8D1823F5D54300590C60 /* LoginTxtfield-Ext.swift in Sources */ = {isa = PBXBuildFile; fileRef = D0DF8D1723F5D54300590C60 /* LoginTxtfield-Ext.swift */; };
		D0DF8D1A23F6008100590C60 /* VerificationVC.swift in Sources */ = {isa = PBXBuildFile; fileRef = D0DF8D1923F6008100590C60 /* VerificationVC.swift */; };
		D0DF8D1C23F600EF00590C60 /* VerifyTxtField-Ext.swift in Sources */ = {isa = PBXBuildFile; fileRef = D0DF8D1B23F600EF00590C60 /* VerifyTxtField-Ext.swift */; };
		D0DF8D1E23F6037E00590C60 /* Constants.swift in Sources */ = {isa = PBXBuildFile; fileRef = D0DF8D1D23F6037E00590C60 /* Constants.swift */; };
		D390F8F41647BA48B2456F2B /* Pods_Froodz.framework in Frameworks */ = {isa = PBXBuildFile; fileRef = 3304F30116A359A2908B18E3 /* Pods_Froodz.framework */; };
/* End PBXBuildFile section */

/* Begin PBXCopyFilesBuildPhase section */
		D0DF8D2E23F6052500590C60 /* Embed App Extensions */ = {
			isa = PBXCopyFilesBuildPhase;
			buildActionMask = 2147483647;
			dstPath = "";
			dstSubfolderSpec = 13;
			files = (
			);
			name = "Embed App Extensions";
			runOnlyForDeploymentPostprocessing = 0;
		};
/* End PBXCopyFilesBuildPhase section */

/* Begin PBXFileReference section */
		31F5E14DF78F8573D5E21D9B /* Pods-Froodz.release.xcconfig */ = {isa = PBXFileReference; includeInIndex = 1; lastKnownFileType = text.xcconfig; name = "Pods-Froodz.release.xcconfig"; path = "Target Support Files/Pods-Froodz/Pods-Froodz.release.xcconfig"; sourceTree = "<group>"; };
		3304F30116A359A2908B18E3 /* Pods_Froodz.framework */ = {isa = PBXFileReference; explicitFileType = wrapper.framework; includeInIndex = 0; path = Pods_Froodz.framework; sourceTree = BUILT_PRODUCTS_DIR; };
		85EDD8752165AD430FFF64E7 /* Pods-Froodz.debug.xcconfig */ = {isa = PBXFileReference; includeInIndex = 1; lastKnownFileType = text.xcconfig; name = "Pods-Froodz.debug.xcconfig"; path = "Target Support Files/Pods-Froodz/Pods-Froodz.debug.xcconfig"; sourceTree = "<group>"; };
		D072697623F0C85F002760ED /* Froodz.app */ = {isa = PBXFileReference; explicitFileType = wrapper.application; includeInIndex = 0; path = Froodz.app; sourceTree = BUILT_PRODUCTS_DIR; };
		D072697923F0C85F002760ED /* AppDelegate.swift */ = {isa = PBXFileReference; lastKnownFileType = sourcecode.swift; path = AppDelegate.swift; sourceTree = "<group>"; };
		D072697B23F0C85F002760ED /* SceneDelegate.swift */ = {isa = PBXFileReference; lastKnownFileType = sourcecode.swift; path = SceneDelegate.swift; sourceTree = "<group>"; };
		D072698023F0C85F002760ED /* Base */ = {isa = PBXFileReference; lastKnownFileType = file.storyboard; name = Base; path = Base.lproj/Main.storyboard; sourceTree = "<group>"; };
		D072698223F0C860002760ED /* Assets.xcassets */ = {isa = PBXFileReference; lastKnownFileType = folder.assetcatalog; path = Assets.xcassets; sourceTree = "<group>"; };
		D072698523F0C860002760ED /* Base */ = {isa = PBXFileReference; lastKnownFileType = file.storyboard; name = Base; path = Base.lproj/LaunchScreen.storyboard; sourceTree = "<group>"; };
		D072698723F0C860002760ED /* Info.plist */ = {isa = PBXFileReference; lastKnownFileType = text.plist.xml; path = Info.plist; sourceTree = "<group>"; };
		D072699123F0CA3D002760ED /* UserService.swift */ = {isa = PBXFileReference; lastKnownFileType = sourcecode.swift; path = UserService.swift; sourceTree = "<group>"; };
		D072699723F1FB10002760ED /* ActiveGroupsVC.swift */ = {isa = PBXFileReference; lastKnownFileType = sourcecode.swift; path = ActiveGroupsVC.swift; sourceTree = "<group>"; };
		D072699923F1FB6D002760ED /* SelectedGroupViewController.swift */ = {isa = PBXFileReference; lastKnownFileType = sourcecode.swift; path = SelectedGroupViewController.swift; sourceTree = "<group>"; };
		D072699C23F1FC3D002760ED /* ActiveGroupTableViewCell.swift */ = {isa = PBXFileReference; lastKnownFileType = sourcecode.swift; path = ActiveGroupTableViewCell.swift; sourceTree = "<group>"; };
		D072699E23F1FC79002760ED /* LiveLineTableViewCell.swift */ = {isa = PBXFileReference; lastKnownFileType = sourcecode.swift; path = LiveLineTableViewCell.swift; sourceTree = "<group>"; };
		D07269A223F1FED0002760ED /* ActiveTableView-Ext.swift */ = {isa = PBXFileReference; lastKnownFileType = sourcecode.swift; path = "ActiveTableView-Ext.swift"; sourceTree = "<group>"; };
		D07269AA23F20253002760ED /* GroupService.swift */ = {isa = PBXFileReference; lastKnownFileType = sourcecode.swift; path = GroupService.swift; sourceTree = "<group>"; };
		D07269AC23F202D7002760ED /* Helper.swift */ = {isa = PBXFileReference; lastKnownFileType = sourcecode.swift; path = Helper.swift; sourceTree = "<group>"; };
		D07269AF23F20ACA002760ED /* GoogleService-Info.plist */ = {isa = PBXFileReference; fileEncoding = 4; lastKnownFileType = text.plist.xml; path = "GoogleService-Info.plist"; sourceTree = "<group>"; };
		D07269B123F20E56002760ED /* User.swift */ = {isa = PBXFileReference; lastKnownFileType = sourcecode.swift; path = User.swift; sourceTree = "<group>"; };
		D07269B323F21082002760ED /* Extensions.swift */ = {isa = PBXFileReference; lastKnownFileType = sourcecode.swift; path = Extensions.swift; sourceTree = "<group>"; };
		D07269B523F214F1002760ED /* Group.swift */ = {isa = PBXFileReference; lastKnownFileType = sourcecode.swift; path = Group.swift; sourceTree = "<group>"; };
		D07269B823F2156F002760ED /* User+Groups_Service.swift */ = {isa = PBXFileReference; lastKnownFileType = sourcecode.swift; path = "User+Groups_Service.swift"; sourceTree = "<group>"; };
		D07269BB23F225CE002760ED /* SelectedTblView-Ext.swift */ = {isa = PBXFileReference; lastKnownFileType = sourcecode.swift; path = "SelectedTblView-Ext.swift"; sourceTree = "<group>"; };
		D07269BE23F239C7002760ED /* CreateLineViewController.swift */ = {isa = PBXFileReference; lastKnownFileType = sourcecode.swift; path = CreateLineViewController.swift; sourceTree = "<group>"; };
		D07269C023F2426B002760ED /* CrteLineTxtFld-Ext.swift */ = {isa = PBXFileReference; lastKnownFileType = sourcecode.swift; path = "CrteLineTxtFld-Ext.swift"; sourceTree = "<group>"; };
		D07269C223F246BC002760ED /* Line.swift */ = {isa = PBXFileReference; lastKnownFileType = sourcecode.swift; path = Line.swift; sourceTree = "<group>"; };
		D07269C523F257FB002760ED /* LineService.swift */ = {isa = PBXFileReference; lastKnownFileType = sourcecode.swift; path = LineService.swift; sourceTree = "<group>"; };
		D0DF8D1523F5D47100590C60 /* LoginViewController.swift */ = {isa = PBXFileReference; lastKnownFileType = sourcecode.swift; path = LoginViewController.swift; sourceTree = "<group>"; };
		D0DF8D1723F5D54300590C60 /* LoginTxtfield-Ext.swift */ = {isa = PBXFileReference; lastKnownFileType = sourcecode.swift; path = "LoginTxtfield-Ext.swift"; sourceTree = "<group>"; };
		D0DF8D1923F6008100590C60 /* VerificationVC.swift */ = {isa = PBXFileReference; lastKnownFileType = sourcecode.swift; path = VerificationVC.swift; sourceTree = "<group>"; };
		D0DF8D1B23F600EF00590C60 /* VerifyTxtField-Ext.swift */ = {isa = PBXFileReference; lastKnownFileType = sourcecode.swift; path = "VerifyTxtField-Ext.swift"; sourceTree = "<group>"; };
		D0DF8D1D23F6037E00590C60 /* Constants.swift */ = {isa = PBXFileReference; lastKnownFileType = sourcecode.swift; path = Constants.swift; sourceTree = "<group>"; };
		D0DF8D2F23F6056600590C60 /* Froodz.entitlements */ = {isa = PBXFileReference; lastKnownFileType = text.plist.entitlements; path = Froodz.entitlements; sourceTree = "<group>"; };
/* End PBXFileReference section */

/* Begin PBXFrameworksBuildPhase section */
		D072697323F0C85F002760ED /* Frameworks */ = {
			isa = PBXFrameworksBuildPhase;
			buildActionMask = 2147483647;
			files = (
				D390F8F41647BA48B2456F2B /* Pods_Froodz.framework in Frameworks */,
			);
			runOnlyForDeploymentPostprocessing = 0;
		};
/* End PBXFrameworksBuildPhase section */

/* Begin PBXGroup section */
		85B21A1AE8878FBC415EAA94 /* Frameworks */ = {
			isa = PBXGroup;
			children = (
				3304F30116A359A2908B18E3 /* Pods_Froodz.framework */,
			);
			name = Frameworks;
			sourceTree = "<group>";
		};
		9AB42BA30FB1588ACB601209 /* Pods */ = {
			isa = PBXGroup;
			children = (
				85EDD8752165AD430FFF64E7 /* Pods-Froodz.debug.xcconfig */,
				31F5E14DF78F8573D5E21D9B /* Pods-Froodz.release.xcconfig */,
			);
			path = Pods;
			sourceTree = "<group>";
		};
		D072696D23F0C85F002760ED = {
			isa = PBXGroup;
			children = (
				D072697823F0C85F002760ED /* Froodz */,
				D072697723F0C85F002760ED /* Products */,
				9AB42BA30FB1588ACB601209 /* Pods */,
				85B21A1AE8878FBC415EAA94 /* Frameworks */,
			);
			sourceTree = "<group>";
		};
		D072697723F0C85F002760ED /* Products */ = {
			isa = PBXGroup;
			children = (
				D072697623F0C85F002760ED /* Froodz.app */,
			);
			name = Products;
			sourceTree = "<group>";
		};
		D072697823F0C85F002760ED /* Froodz */ = {
			isa = PBXGroup;
			children = (
				D0DF8D2F23F6056600590C60 /* Froodz.entitlements */,
				D072697923F0C85F002760ED /* AppDelegate.swift */,
				D072697B23F0C85F002760ED /* SceneDelegate.swift */,
				D072699023F0C9D8002760ED /* Helpers */,
				D072698F23F0C9C9002760ED /* Service */,
				D072698E23F0C9BE002760ED /* Model */,
				D072698D23F0C9B6002760ED /* View Controllers */,
				D072699B23F1FC1D002760ED /* Tableview Cells */,
				D072697F23F0C85F002760ED /* Main.storyboard */,
				D072698223F0C860002760ED /* Assets.xcassets */,
				D072698423F0C860002760ED /* LaunchScreen.storyboard */,
				D072698723F0C860002760ED /* Info.plist */,
				D07269AF23F20ACA002760ED /* GoogleService-Info.plist */,
			);
			path = Froodz;
			sourceTree = "<group>";
		};
		D072698D23F0C9B6002760ED /* View Controllers */ = {
			isa = PBXGroup;
			children = (
				D0DF8D1423F5D44900590C60 /* Sign Up & Login */,
				D07269A423F1FF1F002760ED /* Active Groups */,
				D07269BA23F225A9002760ED /* Selected Group */,
			);
			path = "View Controllers";
			sourceTree = "<group>";
		};
		D072698E23F0C9BE002760ED /* Model */ = {
			isa = PBXGroup;
			children = (
				D07269B123F20E56002760ED /* User.swift */,
				D07269B523F214F1002760ED /* Group.swift */,
				D07269C223F246BC002760ED /* Line.swift */,
			);
			path = Model;
			sourceTree = "<group>";
		};
		D072698F23F0C9C9002760ED /* Service */ = {
			isa = PBXGroup;
			children = (
				D07269C423F257EB002760ED /* Lines */,
				D07269B723F2155A002760ED /* User+Groups */,
				D07269A923F2022C002760ED /* Groups */,
				D07269AE23F206DB002760ED /* Users */,
			);
			path = Service;
			sourceTree = "<group>";
		};
		D072699023F0C9D8002760ED /* Helpers */ = {
			isa = PBXGroup;
			children = (
				D07269AC23F202D7002760ED /* Helper.swift */,
				D0DF8D1D23F6037E00590C60 /* Constants.swift */,
				D07269B323F21082002760ED /* Extensions.swift */,
			);
			path = Helpers;
			sourceTree = "<group>";
		};
		D072699B23F1FC1D002760ED /* Tableview Cells */ = {
			isa = PBXGroup;
			children = (
				D072699C23F1FC3D002760ED /* ActiveGroupTableViewCell.swift */,
				D072699E23F1FC79002760ED /* LiveLineTableViewCell.swift */,
			);
			path = "Tableview Cells";
			sourceTree = "<group>";
		};
		D07269A423F1FF1F002760ED /* Active Groups */ = {
			isa = PBXGroup;
			children = (
				D072699723F1FB10002760ED /* ActiveGroupsVC.swift */,
				D07269A223F1FED0002760ED /* ActiveTableView-Ext.swift */,
			);
			path = "Active Groups";
			sourceTree = "<group>";
		};
		D07269A923F2022C002760ED /* Groups */ = {
			isa = PBXGroup;
			children = (
				D07269AA23F20253002760ED /* GroupService.swift */,
			);
			path = Groups;
			sourceTree = "<group>";
		};
		D07269AE23F206DB002760ED /* Users */ = {
			isa = PBXGroup;
			children = (
				D072699123F0CA3D002760ED /* UserService.swift */,
			);
			path = Users;
			sourceTree = "<group>";
		};
		D07269B723F2155A002760ED /* User+Groups */ = {
			isa = PBXGroup;
			children = (
				D07269B823F2156F002760ED /* User+Groups_Service.swift */,
			);
			path = "User+Groups";
			sourceTree = "<group>";
		};
		D07269BA23F225A9002760ED /* Selected Group */ = {
			isa = PBXGroup;
			children = (
				D07269BD23F239A7002760ED /* Live Line */,
				D072699923F1FB6D002760ED /* SelectedGroupViewController.swift */,
				D07269BB23F225CE002760ED /* SelectedTblView-Ext.swift */,
			);
			path = "Selected Group";
			sourceTree = "<group>";
		};
		D07269BD23F239A7002760ED /* Live Line */ = {
			isa = PBXGroup;
			children = (
				D07269BE23F239C7002760ED /* CreateLineViewController.swift */,
				D07269C023F2426B002760ED /* CrteLineTxtFld-Ext.swift */,
			);
			path = "Live Line";
			sourceTree = "<group>";
		};
		D07269C423F257EB002760ED /* Lines */ = {
			isa = PBXGroup;
			children = (
				D07269C523F257FB002760ED /* LineService.swift */,
			);
			path = Lines;
			sourceTree = "<group>";
		};
		D0DF8D1423F5D44900590C60 /* Sign Up & Login */ = {
			isa = PBXGroup;
			children = (
				D0DF8D1923F6008100590C60 /* VerificationVC.swift */,
				D0DF8D1B23F600EF00590C60 /* VerifyTxtField-Ext.swift */,
				D0DF8D1523F5D47100590C60 /* LoginViewController.swift */,
				D0DF8D1723F5D54300590C60 /* LoginTxtfield-Ext.swift */,
			);
			path = "Sign Up & Login";
			sourceTree = "<group>";
		};
/* End PBXGroup section */

/* Begin PBXNativeTarget section */
		D072697523F0C85F002760ED /* Froodz */ = {
			isa = PBXNativeTarget;
			buildConfigurationList = D072698A23F0C860002760ED /* Build configuration list for PBXNativeTarget "Froodz" */;
			buildPhases = (
				0D5ADCFD4DB62E6B25E8A917 /* [CP] Check Pods Manifest.lock */,
				D072697223F0C85F002760ED /* Sources */,
				D072697323F0C85F002760ED /* Frameworks */,
				D072697423F0C85F002760ED /* Resources */,
				75C574ACB1FF472FDA87E391 /* [CP] Embed Pods Frameworks */,
				D0DF8D2E23F6052500590C60 /* Embed App Extensions */,
			);
			buildRules = (
			);
			dependencies = (
			);
			name = Froodz;
			productName = Froodz;
			productReference = D072697623F0C85F002760ED /* Froodz.app */;
			productType = "com.apple.product-type.application";
		};
/* End PBXNativeTarget section */

/* Begin PBXProject section */
		D072696E23F0C85F002760ED /* Project object */ = {
			isa = PBXProject;
			attributes = {
				LastSwiftUpdateCheck = 1130;
				LastUpgradeCheck = 1130;
				ORGANIZATIONNAME = "Justin Matsnev";
				TargetAttributes = {
					D072697523F0C85F002760ED = {
						CreatedOnToolsVersion = 11.3.1;
					};
				};
			};
			buildConfigurationList = D072697123F0C85F002760ED /* Build configuration list for PBXProject "Froodz" */;
			compatibilityVersion = "Xcode 9.3";
			developmentRegion = en;
			hasScannedForEncodings = 0;
			knownRegions = (
				en,
				Base,
			);
			mainGroup = D072696D23F0C85F002760ED;
			productRefGroup = D072697723F0C85F002760ED /* Products */;
			projectDirPath = "";
			projectRoot = "";
			targets = (
				D072697523F0C85F002760ED /* Froodz */,
			);
		};
/* End PBXProject section */

/* Begin PBXResourcesBuildPhase section */
		D072697423F0C85F002760ED /* Resources */ = {
			isa = PBXResourcesBuildPhase;
			buildActionMask = 2147483647;
			files = (
				D072698623F0C860002760ED /* LaunchScreen.storyboard in Resources */,
				D07269B023F20ACA002760ED /* GoogleService-Info.plist in Resources */,
				D072698323F0C860002760ED /* Assets.xcassets in Resources */,
				D072698123F0C85F002760ED /* Main.storyboard in Resources */,
			);
			runOnlyForDeploymentPostprocessing = 0;
		};
/* End PBXResourcesBuildPhase section */

/* Begin PBXShellScriptBuildPhase section */
		0D5ADCFD4DB62E6B25E8A917 /* [CP] Check Pods Manifest.lock */ = {
			isa = PBXShellScriptBuildPhase;
			buildActionMask = 2147483647;
			files = (
			);
			inputFileListPaths = (
			);
			inputPaths = (
				"${PODS_PODFILE_DIR_PATH}/Podfile.lock",
				"${PODS_ROOT}/Manifest.lock",
			);
			name = "[CP] Check Pods Manifest.lock";
			outputFileListPaths = (
			);
			outputPaths = (
				"$(DERIVED_FILE_DIR)/Pods-Froodz-checkManifestLockResult.txt",
			);
			runOnlyForDeploymentPostprocessing = 0;
			shellPath = /bin/sh;
			shellScript = "diff \"${PODS_PODFILE_DIR_PATH}/Podfile.lock\" \"${PODS_ROOT}/Manifest.lock\" > /dev/null\nif [ $? != 0 ] ; then\n    # print error to STDERR\n    echo \"error: The sandbox is not in sync with the Podfile.lock. Run 'pod install' or update your CocoaPods installation.\" >&2\n    exit 1\nfi\n# This output is used by Xcode 'outputs' to avoid re-running this script phase.\necho \"SUCCESS\" > \"${SCRIPT_OUTPUT_FILE_0}\"\n";
			showEnvVarsInLog = 0;
		};
		75C574ACB1FF472FDA87E391 /* [CP] Embed Pods Frameworks */ = {
			isa = PBXShellScriptBuildPhase;
			buildActionMask = 2147483647;
			files = (
			);
			inputFileListPaths = (
				"${PODS_ROOT}/Target Support Files/Pods-Froodz/Pods-Froodz-frameworks-${CONFIGURATION}-input-files.xcfilelist",
			);
			name = "[CP] Embed Pods Frameworks";
			outputFileListPaths = (
				"${PODS_ROOT}/Target Support Files/Pods-Froodz/Pods-Froodz-frameworks-${CONFIGURATION}-output-files.xcfilelist",
			);
			runOnlyForDeploymentPostprocessing = 0;
			shellPath = /bin/sh;
			shellScript = "\"${PODS_ROOT}/Target Support Files/Pods-Froodz/Pods-Froodz-frameworks.sh\"\n";
			showEnvVarsInLog = 0;
		};
/* End PBXShellScriptBuildPhase section */

/* Begin PBXSourcesBuildPhase section */
		D072697223F0C85F002760ED /* Sources */ = {
			isa = PBXSourcesBuildPhase;
			buildActionMask = 2147483647;
			files = (
				D07269C623F257FB002760ED /* LineService.swift in Sources */,
				D0DF8D1823F5D54300590C60 /* LoginTxtfield-Ext.swift in Sources */,
				D07269B923F2156F002760ED /* User+Groups_Service.swift in Sources */,
				D07269BC23F225CE002760ED /* SelectedTblView-Ext.swift in Sources */,
				D0DF8D1A23F6008100590C60 /* VerificationVC.swift in Sources */,
				D072699823F1FB10002760ED /* ActiveGroupsVC.swift in Sources */,
				D07269AB23F20253002760ED /* GroupService.swift in Sources */,
				D07269BF23F239C7002760ED /* CreateLineViewController.swift in Sources */,
				D0DF8D1C23F600EF00590C60 /* VerifyTxtField-Ext.swift in Sources */,
				D07269A323F1FED0002760ED /* ActiveTableView-Ext.swift in Sources */,
				D072699F23F1FC79002760ED /* LiveLineTableViewCell.swift in Sources */,
				D0DF8D1623F5D47100590C60 /* LoginViewController.swift in Sources */,
				D072697A23F0C85F002760ED /* AppDelegate.swift in Sources */,
				D072699A23F1FB6D002760ED /* SelectedGroupViewController.swift in Sources */,
				D07269B623F214F1002760ED /* Group.swift in Sources */,
				D072699D23F1FC3D002760ED /* ActiveGroupTableViewCell.swift in Sources */,
				D07269B423F21082002760ED /* Extensions.swift in Sources */,
				D07269AD23F202D7002760ED /* Helper.swift in Sources */,
				D072697C23F0C85F002760ED /* SceneDelegate.swift in Sources */,
				D072699223F0CA3D002760ED /* UserService.swift in Sources */,
				D07269C323F246BD002760ED /* Line.swift in Sources */,
				D07269B223F20E56002760ED /* User.swift in Sources */,
				D07269C123F2426B002760ED /* CrteLineTxtFld-Ext.swift in Sources */,
				D0DF8D1E23F6037E00590C60 /* Constants.swift in Sources */,
			);
			runOnlyForDeploymentPostprocessing = 0;
		};
/* End PBXSourcesBuildPhase section */

/* Begin PBXVariantGroup section */
		D072697F23F0C85F002760ED /* Main.storyboard */ = {
			isa = PBXVariantGroup;
			children = (
				D072698023F0C85F002760ED /* Base */,
			);
			name = Main.storyboard;
			sourceTree = "<group>";
		};
		D072698423F0C860002760ED /* LaunchScreen.storyboard */ = {
			isa = PBXVariantGroup;
			children = (
				D072698523F0C860002760ED /* Base */,
			);
			name = LaunchScreen.storyboard;
			sourceTree = "<group>";
		};
/* End PBXVariantGroup section */

/* Begin XCBuildConfiguration section */
		D072698823F0C860002760ED /* Debug */ = {
			isa = XCBuildConfiguration;
			buildSettings = {
				ALWAYS_SEARCH_USER_PATHS = NO;
				CLANG_ANALYZER_NONNULL = YES;
				CLANG_ANALYZER_NUMBER_OBJECT_CONVERSION = YES_AGGRESSIVE;
				CLANG_CXX_LANGUAGE_STANDARD = "gnu++14";
				CLANG_CXX_LIBRARY = "libc++";
				CLANG_ENABLE_MODULES = YES;
				CLANG_ENABLE_OBJC_ARC = YES;
				CLANG_ENABLE_OBJC_WEAK = YES;
				CLANG_WARN_BLOCK_CAPTURE_AUTORELEASING = YES;
				CLANG_WARN_BOOL_CONVERSION = YES;
				CLANG_WARN_COMMA = YES;
				CLANG_WARN_CONSTANT_CONVERSION = YES;
				CLANG_WARN_DEPRECATED_OBJC_IMPLEMENTATIONS = YES;
				CLANG_WARN_DIRECT_OBJC_ISA_USAGE = YES_ERROR;
				CLANG_WARN_DOCUMENTATION_COMMENTS = YES;
				CLANG_WARN_EMPTY_BODY = YES;
				CLANG_WARN_ENUM_CONVERSION = YES;
				CLANG_WARN_INFINITE_RECURSION = YES;
				CLANG_WARN_INT_CONVERSION = YES;
				CLANG_WARN_NON_LITERAL_NULL_CONVERSION = YES;
				CLANG_WARN_OBJC_IMPLICIT_RETAIN_SELF = YES;
				CLANG_WARN_OBJC_LITERAL_CONVERSION = YES;
				CLANG_WARN_OBJC_ROOT_CLASS = YES_ERROR;
				CLANG_WARN_RANGE_LOOP_ANALYSIS = YES;
				CLANG_WARN_STRICT_PROTOTYPES = YES;
				CLANG_WARN_SUSPICIOUS_MOVE = YES;
				CLANG_WARN_UNGUARDED_AVAILABILITY = YES_AGGRESSIVE;
				CLANG_WARN_UNREACHABLE_CODE = YES;
				CLANG_WARN__DUPLICATE_METHOD_MATCH = YES;
				COPY_PHASE_STRIP = NO;
				DEBUG_INFORMATION_FORMAT = dwarf;
				ENABLE_STRICT_OBJC_MSGSEND = YES;
				ENABLE_TESTABILITY = YES;
				GCC_C_LANGUAGE_STANDARD = gnu11;
				GCC_DYNAMIC_NO_PIC = NO;
				GCC_NO_COMMON_BLOCKS = YES;
				GCC_OPTIMIZATION_LEVEL = 0;
				GCC_PREPROCESSOR_DEFINITIONS = (
					"DEBUG=1",
					"$(inherited)",
				);
				GCC_WARN_64_TO_32_BIT_CONVERSION = YES;
				GCC_WARN_ABOUT_RETURN_TYPE = YES_ERROR;
				GCC_WARN_UNDECLARED_SELECTOR = YES;
				GCC_WARN_UNINITIALIZED_AUTOS = YES_AGGRESSIVE;
				GCC_WARN_UNUSED_FUNCTION = YES;
				GCC_WARN_UNUSED_VARIABLE = YES;
				IPHONEOS_DEPLOYMENT_TARGET = 13.2;
				MTL_ENABLE_DEBUG_INFO = INCLUDE_SOURCE;
				MTL_FAST_MATH = YES;
				ONLY_ACTIVE_ARCH = YES;
				SDKROOT = iphoneos;
				SWIFT_ACTIVE_COMPILATION_CONDITIONS = DEBUG;
				SWIFT_OPTIMIZATION_LEVEL = "-Onone";
			};
			name = Debug;
		};
		D072698923F0C860002760ED /* Release */ = {
			isa = XCBuildConfiguration;
			buildSettings = {
				ALWAYS_SEARCH_USER_PATHS = NO;
				CLANG_ANALYZER_NONNULL = YES;
				CLANG_ANALYZER_NUMBER_OBJECT_CONVERSION = YES_AGGRESSIVE;
				CLANG_CXX_LANGUAGE_STANDARD = "gnu++14";
				CLANG_CXX_LIBRARY = "libc++";
				CLANG_ENABLE_MODULES = YES;
				CLANG_ENABLE_OBJC_ARC = YES;
				CLANG_ENABLE_OBJC_WEAK = YES;
				CLANG_WARN_BLOCK_CAPTURE_AUTORELEASING = YES;
				CLANG_WARN_BOOL_CONVERSION = YES;
				CLANG_WARN_COMMA = YES;
				CLANG_WARN_CONSTANT_CONVERSION = YES;
				CLANG_WARN_DEPRECATED_OBJC_IMPLEMENTATIONS = YES;
				CLANG_WARN_DIRECT_OBJC_ISA_USAGE = YES_ERROR;
				CLANG_WARN_DOCUMENTATION_COMMENTS = YES;
				CLANG_WARN_EMPTY_BODY = YES;
				CLANG_WARN_ENUM_CONVERSION = YES;
				CLANG_WARN_INFINITE_RECURSION = YES;
				CLANG_WARN_INT_CONVERSION = YES;
				CLANG_WARN_NON_LITERAL_NULL_CONVERSION = YES;
				CLANG_WARN_OBJC_IMPLICIT_RETAIN_SELF = YES;
				CLANG_WARN_OBJC_LITERAL_CONVERSION = YES;
				CLANG_WARN_OBJC_ROOT_CLASS = YES_ERROR;
				CLANG_WARN_RANGE_LOOP_ANALYSIS = YES;
				CLANG_WARN_STRICT_PROTOTYPES = YES;
				CLANG_WARN_SUSPICIOUS_MOVE = YES;
				CLANG_WARN_UNGUARDED_AVAILABILITY = YES_AGGRESSIVE;
				CLANG_WARN_UNREACHABLE_CODE = YES;
				CLANG_WARN__DUPLICATE_METHOD_MATCH = YES;
				COPY_PHASE_STRIP = NO;
				DEBUG_INFORMATION_FORMAT = "dwarf-with-dsym";
				ENABLE_NS_ASSERTIONS = NO;
				ENABLE_STRICT_OBJC_MSGSEND = YES;
				GCC_C_LANGUAGE_STANDARD = gnu11;
				GCC_NO_COMMON_BLOCKS = YES;
				GCC_WARN_64_TO_32_BIT_CONVERSION = YES;
				GCC_WARN_ABOUT_RETURN_TYPE = YES_ERROR;
				GCC_WARN_UNDECLARED_SELECTOR = YES;
				GCC_WARN_UNINITIALIZED_AUTOS = YES_AGGRESSIVE;
				GCC_WARN_UNUSED_FUNCTION = YES;
				GCC_WARN_UNUSED_VARIABLE = YES;
				IPHONEOS_DEPLOYMENT_TARGET = 13.2;
				MTL_ENABLE_DEBUG_INFO = NO;
				MTL_FAST_MATH = YES;
				SDKROOT = iphoneos;
				SWIFT_COMPILATION_MODE = wholemodule;
				SWIFT_OPTIMIZATION_LEVEL = "-O";
				VALIDATE_PRODUCT = YES;
			};
			name = Release;
		};
		D072698B23F0C860002760ED /* Debug */ = {
			isa = XCBuildConfiguration;
			baseConfigurationReference = 85EDD8752165AD430FFF64E7 /* Pods-Froodz.debug.xcconfig */;
			buildSettings = {
				ALWAYS_EMBED_SWIFT_STANDARD_LIBRARIES = YES;
				ASSETCATALOG_COMPILER_APPICON_NAME = AppIcon;
				CODE_SIGN_ENTITLEMENTS = Froodz/Froodz.entitlements;
				CODE_SIGN_IDENTITY = "iPhone Developer";
				CODE_SIGN_STYLE = Manual;
				DEVELOPMENT_TEAM = 96QE7H4LVL;
				INFOPLIST_FILE = Froodz/Info.plist;
				LD_RUNPATH_SEARCH_PATHS = (
					"$(inherited)",
					"@executable_path/Frameworks",
				);
				PRODUCT_BUNDLE_IDENTIFIER = com.justinmatsnev.Froodz;
				PRODUCT_NAME = "$(TARGET_NAME)";
				PROVISIONING_PROFILE_SPECIFIER = "Froodz PP";
				SWIFT_VERSION = 5.0;
				TARGETED_DEVICE_FAMILY = "1,2";
			};
			name = Debug;
		};
		D072698C23F0C860002760ED /* Release */ = {
			isa = XCBuildConfiguration;
			baseConfigurationReference = 31F5E14DF78F8573D5E21D9B /* Pods-Froodz.release.xcconfig */;
			buildSettings = {
				ALWAYS_EMBED_SWIFT_STANDARD_LIBRARIES = YES;
				ASSETCATALOG_COMPILER_APPICON_NAME = AppIcon;
				CODE_SIGN_ENTITLEMENTS = Froodz/Froodz.entitlements;
				CODE_SIGN_IDENTITY = "iPhone Developer";
				CODE_SIGN_STYLE = Manual;
				DEVELOPMENT_TEAM = 96QE7H4LVL;
				INFOPLIST_FILE = Froodz/Info.plist;
				LD_RUNPATH_SEARCH_PATHS = (
					"$(inherited)",
					"@executable_path/Frameworks",
				);
				PRODUCT_BUNDLE_IDENTIFIER = com.justinmatsnev.Froodz;
				PRODUCT_NAME = "$(TARGET_NAME)";
				PROVISIONING_PROFILE_SPECIFIER = "Froodz PP";
				SWIFT_VERSION = 5.0;
				TARGETED_DEVICE_FAMILY = "1,2";
			};
			name = Release;
		};
/* End XCBuildConfiguration section */

/* Begin XCConfigurationList section */
		D072697123F0C85F002760ED /* Build configuration list for PBXProject "Froodz" */ = {
			isa = XCConfigurationList;
			buildConfigurations = (
				D072698823F0C860002760ED /* Debug */,
				D072698923F0C860002760ED /* Release */,
			);
			defaultConfigurationIsVisible = 0;
			defaultConfigurationName = Release;
		};
		D072698A23F0C860002760ED /* Build configuration list for PBXNativeTarget "Froodz" */ = {
			isa = XCConfigurationList;
			buildConfigurations = (
				D072698B23F0C860002760ED /* Debug */,
				D072698C23F0C860002760ED /* Release */,
			);
			defaultConfigurationIsVisible = 0;
			defaultConfigurationName = Release;
		};
/* End XCConfigurationList section */
	};
	rootObject = D072696E23F0C85F002760ED /* Project object */;
}
